
Microsoft Visual Studio Solution File, Format Version 12.00
# Visual Studio Version 17
VisualStudioVersion = 17.2.32630.192
MinimumVisualStudioVersion = 10.0.40219.1
Project("{9A19103F-16F7-4668-BE54-9A1E7A4F7556}") = "FireDevil", "FireDevil\FireDevil.csproj", "{000603D5-05C4-43C1-AE59-C6118BC53F34}"
EndProject
Global
	GlobalSection(SolutionConfigurationPlatforms) = preSolution
		Debug|Any CPU = Debug|Any CPU
		Release_Bep|Any CPU = Release_Bep|Any CPU
		Release|Any CPU = Release|Any CPU
	EndGlobalSection
	GlobalSection(ProjectConfigurationPlatforms) = postSolution
		{000603D5-05C4-43C1-AE59-C6118BC53F34}.Debug|Any CPU.ActiveCfg = Debug|Any CPU
		{000603D5-05C4-43C1-AE59-C6118BC53F34}.Debug|Any CPU.Build.0 = Debug|Any CPU
		{000603D5-05C4-43C1-AE59-C6118BC53F34}.Release_Bep|Any CPU.ActiveCfg = Release_Bep|Any CPU
		{000603D5-05C4-43C1-AE59-C6118BC53F34}.Release_Bep|Any CPU.Build.0 = Release_Bep|Any CPU
		{000603D5-05C4-43C1-AE59-C6118BC53F34}.Release|Any CPU.ActiveCfg = Release|Any CPU
		{000603D5-05C4-43C1-AE59-C6118BC53F34}.Release|Any CPU.Build.0 = Release|Any CPU
	EndGlobalSection
	GlobalSection(SolutionProperties) = preSolution
		HideSolutionNode = FALSE
	EndGlobalSection
	GlobalSection(ExtensibilityGlobals) = postSolution
		SolutionGuid = {2B29765A-3F6A-4A17-AC93-73DA30EAE27D}
	EndGlobalSection
EndGlobal
